
Microsoft Visual Studio Solution File, Format Version 12.00
# Visual Studio 14
VisualStudioVersion = 14.0.24720.0
MinimumVisualStudioVersion = 10.0.40219.1
Project("{FAE04EC0-301F-11D3-BF4B-00C04F79EFBC}") = "ChatForm", "ChatForm\ChatForm.csproj", "{F0EBCEB8-0FB0-4C9C-8237-B7A2C5EC7BB6}"
EndProject
Project("{FAE04EC0-301F-11D3-BF4B-00C04F79EFBC}") = "AsyncChatLib", "AsyncChatLib\AsyncChatLib.csproj", "{64C25D49-7E14-4309-9BCC-C09FC57CC731}"
EndProject
Project("{FAE04EC0-301F-11D3-BF4B-00C04F79EFBC}") = "LoggingLib", "LoggingLib\LoggingLib.csproj", "{3EDCD188-7460-49D4-9A77-67CA5C41086F}"
EndProject
Global
	GlobalSection(SolutionConfigurationPlatforms) = preSolution
		Debug|Any CPU = Debug|Any CPU
		Release|Any CPU = Release|Any CPU
	EndGlobalSection
	GlobalSection(ProjectConfigurationPlatforms) = postSolution
		{F0EBCEB8-0FB0-4C9C-8237-B7A2C5EC7BB6}.Debug|Any CPU.ActiveCfg = Debug|Any CPU
		{F0EBCEB8-0FB0-4C9C-8237-B7A2C5EC7BB6}.Debug|Any CPU.Build.0 = Debug|Any CPU
		{F0EBCEB8-0FB0-4C9C-8237-B7A2C5EC7BB6}.Release|Any CPU.ActiveCfg = Release|Any CPU
		{F0EBCEB8-0FB0-4C9C-8237-B7A2C5EC7BB6}.Release|Any CPU.Build.0 = Release|Any CPU
		{64C25D49-7E14-4309-9BCC-C09FC57CC731}.Debug|Any CPU.ActiveCfg = Debug|Any CPU
		{64C25D49-7E14-4309-9BCC-C09FC57CC731}.Debug|Any CPU.Build.0 = Debug|Any CPU
		{64C25D49-7E14-4309-9BCC-C09FC57CC731}.Release|Any CPU.ActiveCfg = Release|Any CPU
		{64C25D49-7E14-4309-9BCC-C09FC57CC731}.Release|Any CPU.Build.0 = Release|Any CPU
		{3EDCD188-7460-49D4-9A77-67CA5C41086F}.Debug|Any CPU.ActiveCfg = Debug|Any CPU
		{3EDCD188-7460-49D4-9A77-67CA5C41086F}.Debug|Any CPU.Build.0 = Debug|Any CPU
		{3EDCD188-7460-49D4-9A77-67CA5C41086F}.Release|Any CPU.ActiveCfg = Release|Any CPU
		{3EDCD188-7460-49D4-9A77-67CA5C41086F}.Release|Any CPU.Build.0 = Release|Any CPU
	EndGlobalSection
	GlobalSection(SolutionProperties) = preSolution
		HideSolutionNode = FALSE
	EndGlobalSection
EndGlobal
